
Microsoft Visual Studio Solution File, Format Version 12.00
# Visual Studio Version 17
VisualStudioVersion = 17.7.34031.279
MinimumVisualStudioVersion = 10.0.40219.1
Project("{FAE04EC0-301F-11D3-BF4B-00C04F79EFBC}") = "Shop", "Shop\Shop.csproj", "{BF17884A-C434-4437-85DA-5D8A05D8111F}"
EndProject
Global
	GlobalSection(SolutionConfigurationPlatforms) = preSolution
		Debug|Any CPU = Debug|Any CPU
		Release|Any CPU = Release|Any CPU
	EndGlobalSection
	GlobalSection(ProjectConfigurationPlatforms) = postSolution
		{BF17884A-C434-4437-85DA-5D8A05D8111F}.Debug|Any CPU.ActiveCfg = Debug|Any CPU
		{BF17884A-C434-4437-85DA-5D8A05D8111F}.Debug|Any CPU.Build.0 = Debug|Any CPU
		{BF17884A-C434-4437-85DA-5D8A05D8111F}.Release|Any CPU.ActiveCfg = Release|Any CPU
		{BF17884A-C434-4437-85DA-5D8A05D8111F}.Release|Any CPU.Build.0 = Release|Any CPU
	EndGlobalSection
	GlobalSection(SolutionProperties) = preSolution
		HideSolutionNode = FALSE
	EndGlobalSection
	GlobalSection(ExtensibilityGlobals) = postSolution
		SolutionGuid = {573E2E8F-43CF-416C-A0CD-AD61AE94F68D}
	EndGlobalSection
EndGlobal
